
Microsoft Visual Studio Solution File, Format Version 10.00
# Visual Studio 2008
Project("{F184B08F-C81C-45F6-A57F-5ABD9991F28F}") = "VB_RFID3Sample6", "VB_RFID3Sample6.vbproj", "{10DC8CB1-8E23-4F2C-99DD-5AFD67863611}"
EndProject
Global
	GlobalSection(SolutionConfigurationPlatforms) = preSolution
		Debug|Any CPU = Debug|Any CPU
		Release|Any CPU = Release|Any CPU
	EndGlobalSection
	GlobalSection(ProjectConfigurationPlatforms) = postSolution
		{10DC8CB1-8E23-4F2C-99DD-5AFD67863611}.Debug|Any CPU.ActiveCfg = Debug|Any CPU
		{10DC8CB1-8E23-4F2C-99DD-5AFD67863611}.Debug|Any CPU.Build.0 = Debug|Any CPU
		{10DC8CB1-8E23-4F2C-99DD-5AFD67863611}.Debug|Any CPU.Deploy.0 = Debug|Any CPU
		{10DC8CB1-8E23-4F2C-99DD-5AFD67863611}.Release|Any CPU.Deploy.0 = Release|Any CPU
		{10DC8CB1-8E23-4F2C-99DD-5AFD67863611}.Release|Any CPU.ActiveCfg = Release|Any CPU
		{10DC8CB1-8E23-4F2C-99DD-5AFD67863611}.Release|Any CPU.Build.0 = Release|Any CPU
	EndGlobalSection
	GlobalSection(SolutionProperties) = preSolution
		HideSolutionNode = FALSE
	EndGlobalSection
EndGlobal
